
Microsoft Visual Studio Solution File, Format Version 12.00
# Visual Studio 15
VisualStudioVersion = 15.0.28307.106
MinimumVisualStudioVersion = 10.0.40219.1
Project("{F2A71F9B-5D33-465A-A702-920D77279786}") = "Test", "Test\Test.fsproj", "{88C521D9-C455-46A8-B816-6905A83F8BFA}"
EndProject
Project("{F2A71F9B-5D33-465A-A702-920D77279786}") = "Tests", "Tests\Tests.fsproj", "{3AD4C78C-3A97-4644-896D-C8A105EE92E4}"
EndProject
Global
	GlobalSection(SolutionConfigurationPlatforms) = preSolution
		Debug|Any CPU = Debug|Any CPU
		Release|Any CPU = Release|Any CPU
	EndGlobalSection
	GlobalSection(ProjectConfigurationPlatforms) = postSolution
		{88C521D9-C455-46A8-B816-6905A83F8BFA}.Debug|Any CPU.ActiveCfg = Debug|Any CPU
		{88C521D9-C455-46A8-B816-6905A83F8BFA}.Debug|Any CPU.Build.0 = Debug|Any CPU
		{88C521D9-C455-46A8-B816-6905A83F8BFA}.Release|Any CPU.ActiveCfg = Release|Any CPU
		{88C521D9-C455-46A8-B816-6905A83F8BFA}.Release|Any CPU.Build.0 = Release|Any CPU
		{3AD4C78C-3A97-4644-896D-C8A105EE92E4}.Debug|Any CPU.ActiveCfg = Debug|Any CPU
		{3AD4C78C-3A97-4644-896D-C8A105EE92E4}.Debug|Any CPU.Build.0 = Debug|Any CPU
		{3AD4C78C-3A97-4644-896D-C8A105EE92E4}.Release|Any CPU.ActiveCfg = Release|Any CPU
		{3AD4C78C-3A97-4644-896D-C8A105EE92E4}.Release|Any CPU.Build.0 = Release|Any CPU
	EndGlobalSection
	GlobalSection(SolutionProperties) = preSolution
		HideSolutionNode = FALSE
	EndGlobalSection
	GlobalSection(ExtensibilityGlobals) = postSolution
		SolutionGuid = {BE707FC0-FAF9-4F8E-AA3E-3A08915A9D0F}
	EndGlobalSection
EndGlobal
