
Microsoft Visual Studio Solution File, Format Version 12.00
# Visual Studio 15
VisualStudioVersion = 15.0.28307.106
MinimumVisualStudioVersion = 10.0.40219.1
Project("{FAE04EC0-301F-11D3-BF4B-00C04F79EFBC}") = "TicTacToe", "TicTacToe\TicTacToe.csproj", "{AF3251C6-E085-4115-B4AC-C8EEF8451397}"
EndProject
Project("{FAE04EC0-301F-11D3-BF4B-00C04F79EFBC}") = "GameTest", "GameTest\GameTest.csproj", "{0FC0DA42-CBC9-4178-8F35-AA1B72FE212D}"
EndProject
Global
	GlobalSection(SolutionConfigurationPlatforms) = preSolution
		Debug|Any CPU = Debug|Any CPU
		Release|Any CPU = Release|Any CPU
	EndGlobalSection
	GlobalSection(ProjectConfigurationPlatforms) = postSolution
		{AF3251C6-E085-4115-B4AC-C8EEF8451397}.Debug|Any CPU.ActiveCfg = Debug|Any CPU
		{AF3251C6-E085-4115-B4AC-C8EEF8451397}.Debug|Any CPU.Build.0 = Debug|Any CPU
		{AF3251C6-E085-4115-B4AC-C8EEF8451397}.Release|Any CPU.ActiveCfg = Release|Any CPU
		{AF3251C6-E085-4115-B4AC-C8EEF8451397}.Release|Any CPU.Build.0 = Release|Any CPU
		{0FC0DA42-CBC9-4178-8F35-AA1B72FE212D}.Debug|Any CPU.ActiveCfg = Debug|Any CPU
		{0FC0DA42-CBC9-4178-8F35-AA1B72FE212D}.Debug|Any CPU.Build.0 = Debug|Any CPU
		{0FC0DA42-CBC9-4178-8F35-AA1B72FE212D}.Release|Any CPU.ActiveCfg = Release|Any CPU
		{0FC0DA42-CBC9-4178-8F35-AA1B72FE212D}.Release|Any CPU.Build.0 = Release|Any CPU
	EndGlobalSection
	GlobalSection(SolutionProperties) = preSolution
		HideSolutionNode = FALSE
	EndGlobalSection
	GlobalSection(ExtensibilityGlobals) = postSolution
		SolutionGuid = {6452F7F1-A8C9-4829-909A-7F146A948F53}
	EndGlobalSection
EndGlobal
