
Microsoft Visual Studio Solution File, Format Version 12.00
# Visual Studio 15
VisualStudioVersion = 15.0.28307.106
MinimumVisualStudioVersion = 10.0.40219.1
Project("{FAE04EC0-301F-11D3-BF4B-00C04F79EFBC}") = "TestProject1", "TestProject1\TestProject1.csproj", "{2B1B0D0F-1F8F-4FF5-BC3D-C018C82947DF}"
EndProject
Project("{FAE04EC0-301F-11D3-BF4B-00C04F79EFBC}") = "Class1", "Class1\Class1.csproj", "{7FC4C23C-267B-495F-8FD7-90BDA9C54C02}"
EndProject
Global
	GlobalSection(SolutionConfigurationPlatforms) = preSolution
		Debug|Any CPU = Debug|Any CPU
		Release|Any CPU = Release|Any CPU
	EndGlobalSection
	GlobalSection(ProjectConfigurationPlatforms) = postSolution
		{2B1B0D0F-1F8F-4FF5-BC3D-C018C82947DF}.Debug|Any CPU.ActiveCfg = Debug|Any CPU
		{2B1B0D0F-1F8F-4FF5-BC3D-C018C82947DF}.Debug|Any CPU.Build.0 = Debug|Any CPU
		{2B1B0D0F-1F8F-4FF5-BC3D-C018C82947DF}.Release|Any CPU.ActiveCfg = Release|Any CPU
		{2B1B0D0F-1F8F-4FF5-BC3D-C018C82947DF}.Release|Any CPU.Build.0 = Release|Any CPU
		{7FC4C23C-267B-495F-8FD7-90BDA9C54C02}.Debug|Any CPU.ActiveCfg = Debug|Any CPU
		{7FC4C23C-267B-495F-8FD7-90BDA9C54C02}.Debug|Any CPU.Build.0 = Debug|Any CPU
		{7FC4C23C-267B-495F-8FD7-90BDA9C54C02}.Release|Any CPU.ActiveCfg = Release|Any CPU
		{7FC4C23C-267B-495F-8FD7-90BDA9C54C02}.Release|Any CPU.Build.0 = Release|Any CPU
	EndGlobalSection
	GlobalSection(SolutionProperties) = preSolution
		HideSolutionNode = FALSE
	EndGlobalSection
	GlobalSection(ExtensibilityGlobals) = postSolution
		SolutionGuid = {D104F3E5-25BA-4916-B0ED-C3A3E24B6125}
	EndGlobalSection
EndGlobal
