
Microsoft Visual Studio Solution File, Format Version 12.00
# Visual Studio 15
VisualStudioVersion = 15.0.28010.2048
MinimumVisualStudioVersion = 10.0.40219.1
Project("{FAE04EC0-301F-11D3-BF4B-00C04F79EFBC}") = "SimpleFtpClient", "SimpleFtpClient\SimpleFtpClient.csproj", "{44FED7B3-39B5-4AE9-9DAB-F99AC13AFFC3}"
EndProject
Project("{FAE04EC0-301F-11D3-BF4B-00C04F79EFBC}") = "FtpClientTests", "FtpClientTests\FtpClientTests.csproj", "{CFC211D8-2ADE-4552-88A0-D7544551AEA2}"
EndProject
Global
	GlobalSection(SolutionConfigurationPlatforms) = preSolution
		Debug|Any CPU = Debug|Any CPU
		Release|Any CPU = Release|Any CPU
	EndGlobalSection
	GlobalSection(ProjectConfigurationPlatforms) = postSolution
		{44FED7B3-39B5-4AE9-9DAB-F99AC13AFFC3}.Debug|Any CPU.ActiveCfg = Debug|Any CPU
		{44FED7B3-39B5-4AE9-9DAB-F99AC13AFFC3}.Debug|Any CPU.Build.0 = Debug|Any CPU
		{44FED7B3-39B5-4AE9-9DAB-F99AC13AFFC3}.Release|Any CPU.ActiveCfg = Release|Any CPU
		{44FED7B3-39B5-4AE9-9DAB-F99AC13AFFC3}.Release|Any CPU.Build.0 = Release|Any CPU
		{CFC211D8-2ADE-4552-88A0-D7544551AEA2}.Debug|Any CPU.ActiveCfg = Debug|Any CPU
		{CFC211D8-2ADE-4552-88A0-D7544551AEA2}.Debug|Any CPU.Build.0 = Debug|Any CPU
		{CFC211D8-2ADE-4552-88A0-D7544551AEA2}.Release|Any CPU.ActiveCfg = Release|Any CPU
		{CFC211D8-2ADE-4552-88A0-D7544551AEA2}.Release|Any CPU.Build.0 = Release|Any CPU
	EndGlobalSection
	GlobalSection(SolutionProperties) = preSolution
		HideSolutionNode = FALSE
	EndGlobalSection
	GlobalSection(ExtensibilityGlobals) = postSolution
		SolutionGuid = {1CF48AD9-C8E0-414E-A21F-4C17AC70FCAD}
	EndGlobalSection
EndGlobal
