
Microsoft Visual Studio Solution File, Format Version 12.00
# Visual Studio 15
VisualStudioVersion = 15.0.28307.106
MinimumVisualStudioVersion = 10.0.40219.1
Project("{F2A71F9B-5D33-465A-A702-920D77279786}") = "Homework8", "Homework8\Homework8.fsproj", "{C1FE1381-DA95-4388-B9F7-E57D2AC4B67D}"
EndProject
Project("{F2A71F9B-5D33-465A-A702-920D77279786}") = "DownloadTests", "DownloadTests\DownloadTests.fsproj", "{658971ED-3C0D-4BBC-A2B6-1C6693DA858D}"
EndProject
Global
	GlobalSection(SolutionConfigurationPlatforms) = preSolution
		Debug|Any CPU = Debug|Any CPU
		Release|Any CPU = Release|Any CPU
	EndGlobalSection
	GlobalSection(ProjectConfigurationPlatforms) = postSolution
		{C1FE1381-DA95-4388-B9F7-E57D2AC4B67D}.Debug|Any CPU.ActiveCfg = Debug|Any CPU
		{C1FE1381-DA95-4388-B9F7-E57D2AC4B67D}.Debug|Any CPU.Build.0 = Debug|Any CPU
		{C1FE1381-DA95-4388-B9F7-E57D2AC4B67D}.Release|Any CPU.ActiveCfg = Release|Any CPU
		{C1FE1381-DA95-4388-B9F7-E57D2AC4B67D}.Release|Any CPU.Build.0 = Release|Any CPU
		{658971ED-3C0D-4BBC-A2B6-1C6693DA858D}.Debug|Any CPU.ActiveCfg = Debug|Any CPU
		{658971ED-3C0D-4BBC-A2B6-1C6693DA858D}.Debug|Any CPU.Build.0 = Debug|Any CPU
		{658971ED-3C0D-4BBC-A2B6-1C6693DA858D}.Release|Any CPU.ActiveCfg = Release|Any CPU
		{658971ED-3C0D-4BBC-A2B6-1C6693DA858D}.Release|Any CPU.Build.0 = Release|Any CPU
	EndGlobalSection
	GlobalSection(SolutionProperties) = preSolution
		HideSolutionNode = FALSE
	EndGlobalSection
	GlobalSection(ExtensibilityGlobals) = postSolution
		SolutionGuid = {C31329EA-EF14-4738-A01D-AE4109638BBF}
	EndGlobalSection
EndGlobal
