
Microsoft Visual Studio Solution File, Format Version 12.00
# Visual Studio 15
VisualStudioVersion = 15.0.28307.106
MinimumVisualStudioVersion = 10.0.40219.1
Project("{FAE04EC0-301F-11D3-BF4B-00C04F79EFBC}") = "GIUFtp", "GIUFtp\GIUFtp.csproj", "{C2921B2F-BC8E-4717-8D81-C89E66F961B7}"
EndProject
Project("{FAE04EC0-301F-11D3-BF4B-00C04F79EFBC}") = "GUIFtpTests", "GUIFtpTests\GUIFtpTests.csproj", "{DC5994E6-01DF-45B8-B985-125F91660481}"
EndProject
Global
	GlobalSection(SolutionConfigurationPlatforms) = preSolution
		Debug|Any CPU = Debug|Any CPU
		Release|Any CPU = Release|Any CPU
	EndGlobalSection
	GlobalSection(ProjectConfigurationPlatforms) = postSolution
		{C2921B2F-BC8E-4717-8D81-C89E66F961B7}.Debug|Any CPU.ActiveCfg = Debug|Any CPU
		{C2921B2F-BC8E-4717-8D81-C89E66F961B7}.Debug|Any CPU.Build.0 = Debug|Any CPU
		{C2921B2F-BC8E-4717-8D81-C89E66F961B7}.Release|Any CPU.ActiveCfg = Release|Any CPU
		{C2921B2F-BC8E-4717-8D81-C89E66F961B7}.Release|Any CPU.Build.0 = Release|Any CPU
		{DC5994E6-01DF-45B8-B985-125F91660481}.Debug|Any CPU.ActiveCfg = Debug|Any CPU
		{DC5994E6-01DF-45B8-B985-125F91660481}.Debug|Any CPU.Build.0 = Debug|Any CPU
		{DC5994E6-01DF-45B8-B985-125F91660481}.Release|Any CPU.ActiveCfg = Release|Any CPU
		{DC5994E6-01DF-45B8-B985-125F91660481}.Release|Any CPU.Build.0 = Release|Any CPU
	EndGlobalSection
	GlobalSection(SolutionProperties) = preSolution
		HideSolutionNode = FALSE
	EndGlobalSection
	GlobalSection(ExtensibilityGlobals) = postSolution
		SolutionGuid = {B9FBFAE2-65FA-4DBF-A735-368B652E20C0}
	EndGlobalSection
EndGlobal
