
Microsoft Visual Studio Solution File, Format Version 12.00
# Visual Studio 15
VisualStudioVersion = 15.0.28010.2048
MinimumVisualStudioVersion = 10.0.40219.1
Project("{FAE04EC0-301F-11D3-BF4B-00C04F79EFBC}") = "MyNUnit", "MyNUnit\MyNUnit.csproj", "{D5DBDAAB-17FD-48C5-AEC2-D616265D1034}"
EndProject
Project("{FAE04EC0-301F-11D3-BF4B-00C04F79EFBC}") = "TestProject", "TestProject\TestProject.csproj", "{18B008A8-9810-4E62-AB50-FADC6311FECE}"
EndProject
Global
	GlobalSection(SolutionConfigurationPlatforms) = preSolution
		Debug|Any CPU = Debug|Any CPU
		Release|Any CPU = Release|Any CPU
	EndGlobalSection
	GlobalSection(ProjectConfigurationPlatforms) = postSolution
		{D5DBDAAB-17FD-48C5-AEC2-D616265D1034}.Debug|Any CPU.ActiveCfg = Debug|Any CPU
		{D5DBDAAB-17FD-48C5-AEC2-D616265D1034}.Debug|Any CPU.Build.0 = Debug|Any CPU
		{D5DBDAAB-17FD-48C5-AEC2-D616265D1034}.Release|Any CPU.ActiveCfg = Release|Any CPU
		{D5DBDAAB-17FD-48C5-AEC2-D616265D1034}.Release|Any CPU.Build.0 = Release|Any CPU
		{18B008A8-9810-4E62-AB50-FADC6311FECE}.Debug|Any CPU.ActiveCfg = Debug|Any CPU
		{18B008A8-9810-4E62-AB50-FADC6311FECE}.Debug|Any CPU.Build.0 = Debug|Any CPU
		{18B008A8-9810-4E62-AB50-FADC6311FECE}.Release|Any CPU.ActiveCfg = Release|Any CPU
		{18B008A8-9810-4E62-AB50-FADC6311FECE}.Release|Any CPU.Build.0 = Release|Any CPU
	EndGlobalSection
	GlobalSection(SolutionProperties) = preSolution
		HideSolutionNode = FALSE
	EndGlobalSection
	GlobalSection(ExtensibilityGlobals) = postSolution
		SolutionGuid = {4448F39D-07DC-4C58-80FC-6D656CEEC964}
	EndGlobalSection
EndGlobal
