
Microsoft Visual Studio Solution File, Format Version 12.00
# Visual Studio 15
VisualStudioVersion = 15.0.28307.106
MinimumVisualStudioVersion = 10.0.40219.1
Project("{F2A71F9B-5D33-465A-A702-920D77279786}") = "Homework2", "Homework2\Homework2.fsproj", "{6E27DD77-EE04-4720-8AC0-3333BE958709}"
EndProject
Project("{F2A71F9B-5D33-465A-A702-920D77279786}") = "Homework2Tests", "Homework2Tests\Homework2Tests.fsproj", "{4F95CEE9-B6B2-48C1-9421-971F7922B875}"
EndProject
Global
	GlobalSection(SolutionConfigurationPlatforms) = preSolution
		Debug|Any CPU = Debug|Any CPU
		Release|Any CPU = Release|Any CPU
	EndGlobalSection
	GlobalSection(ProjectConfigurationPlatforms) = postSolution
		{6E27DD77-EE04-4720-8AC0-3333BE958709}.Debug|Any CPU.ActiveCfg = Debug|Any CPU
		{6E27DD77-EE04-4720-8AC0-3333BE958709}.Debug|Any CPU.Build.0 = Debug|Any CPU
		{6E27DD77-EE04-4720-8AC0-3333BE958709}.Release|Any CPU.ActiveCfg = Release|Any CPU
		{6E27DD77-EE04-4720-8AC0-3333BE958709}.Release|Any CPU.Build.0 = Release|Any CPU
		{4F95CEE9-B6B2-48C1-9421-971F7922B875}.Debug|Any CPU.ActiveCfg = Debug|Any CPU
		{4F95CEE9-B6B2-48C1-9421-971F7922B875}.Debug|Any CPU.Build.0 = Debug|Any CPU
		{4F95CEE9-B6B2-48C1-9421-971F7922B875}.Release|Any CPU.ActiveCfg = Release|Any CPU
		{4F95CEE9-B6B2-48C1-9421-971F7922B875}.Release|Any CPU.Build.0 = Release|Any CPU
	EndGlobalSection
	GlobalSection(SolutionProperties) = preSolution
		HideSolutionNode = FALSE
	EndGlobalSection
	GlobalSection(ExtensibilityGlobals) = postSolution
		SolutionGuid = {AF8AA212-EFC4-48CF-BE3E-610F7C2BF7C3}
	EndGlobalSection
EndGlobal
